
Microsoft Visual Studio Solution File, Format Version 12.00
# Visual Studio Version 17
VisualStudioVersion = 17.0.31903.59
MinimumVisualStudioVersion = 10.0.40219.1
Project("{FAE04EC0-301F-11D3-BF4B-00C04F79EFBC}") = "BookStore.API", "BookStore.API\BookStore.API.csproj", "{09F71F13-DFA4-40AF-891D-478AB77C46CC}"
EndProject
Global
	GlobalSection(SolutionConfigurationPlatforms) = preSolution
		Debug|Any CPU = Debug|Any CPU
		Release|Any CPU = Release|Any CPU
	EndGlobalSection
	GlobalSection(ProjectConfigurationPlatforms) = postSolution
		{09F71F13-DFA4-40AF-891D-478AB77C46CC}.Debug|Any CPU.ActiveCfg = Debug|Any CPU
		{09F71F13-DFA4-40AF-891D-478AB77C46CC}.Debug|Any CPU.Build.0 = Debug|Any CPU
		{09F71F13-DFA4-40AF-891D-478AB77C46CC}.Release|Any CPU.ActiveCfg = Release|Any CPU
		{09F71F13-DFA4-40AF-891D-478AB77C46CC}.Release|Any CPU.Build.0 = Release|Any CPU
	EndGlobalSection
	GlobalSection(SolutionProperties) = preSolution
		HideSolutionNode = FALSE
	EndGlobalSection
	GlobalSection(ExtensibilityGlobals) = postSolution
		SolutionGuid = {1E8310C3-EDEB-490E-B8A2-CA809062E0E0}
	EndGlobalSection
EndGlobal
